dependencies:
- name: common
  repository: file://../../common
  version: 1.0.0
- name: config-server
  repository: file://../../components/config-server
  version: 1.0.0
- name: gateway
  repository: file://../../components/gateway
  version: 1.0.0
- name: auth-server
  repository: file://../../components/auth-server
  version: 1.0.0
- name: product
  repository: file://../../components/product
  version: 1.0.0
- name: review
  repository: file://../../components/review
  version: 1.0.0
- name: composite
  repository: file://../../components/composite
  version: 1.0.0
- name: zipkin
  repository: file://../../components/zipkin
  version: 1.0.0
- name: auction
  repository: file://../../components/auction
  version: 1.0.0
- name: search
  repository: file://../../components/search
  version: 1.0.0
- name: auction-consumer
  repository: file://../../components/auction-consumer
  version: 1.0.0
digest: sha256:2df967a012b406d10f1f3f1ab2b0d824ad04e4f88a0897f89fc1594b489edeea
generated: "2025-06-14T17:57:04.906702849+05:30"
